
Microsoft Visual Studio Solution File, Format Version 12.00
# Visual Studio Version 17
VisualStudioVersion = 17.13.35913.81 d17.13
MinimumVisualStudioVersion = 10.0.40219.1
Project("{FAE04EC0-301F-11D3-BF4B-00C04F79EFBC}") = "Formularios", "Formularios.csproj", "{6344420C-0B9F-448B-BA6C-FE3164262AD1}"
EndProject
Global
	GlobalSection(SolutionConfigurationPlatforms) = preSolution
		Debug|Any CPU = Debug|Any CPU
		Release|Any CPU = Release|Any CPU
	EndGlobalSection
	GlobalSection(ProjectConfigurationPlatforms) = postSolution
		{6344420C-0B9F-448B-BA6C-FE3164262AD1}.Debug|Any CPU.ActiveCfg = Debug|Any CPU
		{6344420C-0B9F-448B-BA6C-FE3164262AD1}.Debug|Any CPU.Build.0 = Debug|Any CPU
		{6344420C-0B9F-448B-BA6C-FE3164262AD1}.Release|Any CPU.ActiveCfg = Release|Any CPU
		{6344420C-0B9F-448B-BA6C-FE3164262AD1}.Release|Any CPU.Build.0 = Release|Any CPU
	EndGlobalSection
	GlobalSection(SolutionProperties) = preSolution
		HideSolutionNode = FALSE
	EndGlobalSection
	GlobalSection(ExtensibilityGlobals) = postSolution
		SolutionGuid = {37A37301-B6BC-4845-A06B-372F87FF0227}
	EndGlobalSection
EndGlobal
